<?xml version="1.0" encoding="UTF-8"?>
<!DOCTYPE plist PUBLIC "-//Apple//DTD PLIST 1.0//EN" "http://www.apple.com/DTDs/PropertyList-1.0.dtd">
<plist version="1.0">
<dict>
	<key>archiveVersion</key>
	<string>1</string>
	<key>classes</key>
	<dict/>
	<key>objectVersion</key>
	<string>46</string>
	<key>objects</key>
	<dict>
		<key>17200C6EFFFB0BB1736EF37B</key>
		<dict>
			<key>includeInIndex</key>
			<string>1</string>
			<key>isa</key>
			<string>PBXFileReference</string>
			<key>lastKnownFileType</key>
			<string>text.xcconfig</string>
			<key>name</key>
			<string>Pods.release.xcconfig</string>
			<key>path</key>
			<string>Pods/Target Support Files/Pods/Pods.release.xcconfig</string>
			<key>sourceTree</key>
			<string>&lt;group&gt;</string>
		</dict>
		<key>180A42F91A10A2E800E9512A</key>
		<dict>
			<key>children</key>
			<array>
				<string>180A43041A10A2E800E9512A</string>
				<string>180A43211A10A2E800E9512A</string>
				<string>180A43031A10A2E800E9512A</string>
				<string>239DF371502BFD2F043F397D</string>
				<string>4C97E588BA518D604027B346</string>
			</array>
			<key>isa</key>
			<string>PBXGroup</string>
			<key>sourceTree</key>
			<string>&lt;group&gt;</string>
		</dict>
		<key>180A42FA1A10A2E800E9512A</key>
		<dict>
			<key>attributes</key>
			<dict>
				<key>LastUpgradeCheck</key>
				<string>0600</string>
				<key>ORGANIZATIONNAME</key>
				<string>apple</string>
				<key>TargetAttributes</key>
				<dict>
					<key>180A43011A10A2E800E9512A</key>
					<dict>
						<key>CreatedOnToolsVersion</key>
						<string>6.0.1</string>
					</dict>
					<key>180A431D1A10A2E800E9512A</key>
					<dict>
						<key>CreatedOnToolsVersion</key>
						<string>6.0.1</string>
						<key>TestTargetID</key>
						<string>180A43011A10A2E800E9512A</string>
					</dict>
				</dict>
			</dict>
			<key>buildConfigurationList</key>
			<string>180A42FD1A10A2E800E9512A</string>
			<key>compatibilityVersion</key>
			<string>Xcode 3.2</string>
			<key>developmentRegion</key>
			<string>English</string>
			<key>hasScannedForEncodings</key>
			<string>0</string>
			<key>isa</key>
			<string>PBXProject</string>
			<key>knownRegions</key>
			<array>
				<string>en</string>
				<string>Base</string>
			</array>
			<key>mainGroup</key>
			<string>180A42F91A10A2E800E9512A</string>
			<key>productRefGroup</key>
			<string>180A43031A10A2E800E9512A</string>
			<key>projectDirPath</key>
			<string></string>
			<key>projectReferences</key>
			<array/>
			<key>projectRoot</key>
			<string></string>
			<key>targets</key>
			<array>
				<string>180A43011A10A2E800E9512A</string>
				<string>180A431D1A10A2E800E9512A</string>
			</array>
		</dict>
		<key>180A42FD1A10A2E800E9512A</key>
		<dict>
			<key>buildConfigurations</key>
			<array>
				<string>180A43261A10A2E800E9512A</string>
				<string>180A43271A10A2E800E9512A</string>
			</array>
			<key>defaultConfigurationIsVisible</key>
			<string>0</string>
			<key>defaultConfigurationName</key>
			<string>Release</string>
			<key>isa</key>
			<string>XCConfigurationList</string>
		</dict>
		<key>180A42FE1A10A2E800E9512A</key>
		<dict>
			<key>buildActionMask</key>
			<string>2147483647</string>
			<key>files</key>
			<array>
				<string>180A44471A10A4A000E9512A</string>
				<string>180A44251A10A3E900E9512A</string>
				<string>180A44221A10A3E900E9512A</string>
				<string>180A444B1A10A4A000E9512A</string>
				<string>180A44161A10A3E900E9512A</string>
				<string>180A44261A10A3E900E9512A</string>
				<string>180A430E1A10A2E800E9512A</string>
				<string>180A44491A10A4A000E9512A</string>
				<string>180A44231A10A3E900E9512A</string>
				<string>180A441E1A10A3E900E9512A</string>
				<string>180A43081A10A2E800E9512A</string>
				<string>180A44181A10A3E900E9512A</string>
				<string>180A44271A10A3E900E9512A</string>
				<string>180A44281A10A3E900E9512A</string>
				<string>180A444C1A10A4A000E9512A</string>
				<string>180A44211A10A3E900E9512A</string>
				<string>180A44241A10A3E900E9512A</string>
				<string>180A44441A10A4A000E9512A</string>
				<string>180A43E31A10A3E900E9512A</string>
				<string>180A441F1A10A3E900E9512A</string>
				<string>180A44171A10A3E900E9512A</string>
				<string>180A441D1A10A3E900E9512A</string>
				<string>180A444A1A10A4A000E9512A</string>
				<string>180A44481A10A4A000E9512A</string>
				<string>180A44201A10A3E900E9512A</string>
				<string>180A44451A10A4A000E9512A</string>
				<string>180A441B1A10A3E900E9512A</string>
				<string>180A441C1A10A3E900E9512A</string>
				<string>180A44461A10A4A000E9512A</string>
			</array>
			<key>isa</key>
			<string>PBXSourcesBuildPhase</string>
			<key>runOnlyForDeploymentPostprocessing</key>
			<string>0</string>
		</dict>
		<key>180A42FF1A10A2E800E9512A</key>
		<dict>
			<key>buildActionMask</key>
			<string>2147483647</string>
			<key>files</key>
			<array>
				<string>180A44191A10A3E900E9512A</string>
				<string>180A441A1A10A3E900E9512A</string>
				<string>27C48BFC001D5D1B52D98D78</string>
			</array>
			<key>isa</key>
			<string>PBXFrameworksBuildPhase</string>
			<key>runOnlyForDeploymentPostprocessing</key>
			<string>0</string>
		</dict>
		<key>180A43001A10A2E800E9512A</key>
		<dict>
			<key>buildActionMask</key>
			<string>2147483647</string>
			<key>files</key>
			<array>
				<string>180A43141A10A2E800E9512A</string>
				<string>180A43191A10A2E800E9512A</string>
				<string>180A43161A10A2E800E9512A</string>
			</array>
			<key>isa</key>
			<string>PBXResourcesBuildPhase</string>
			<key>runOnlyForDeploymentPostprocessing</key>
			<string>0</string>
		</dict>
		<key>180A43011A10A2E800E9512A</key>
		<dict>
			<key>buildConfigurationList</key>
			<string>180A43281A10A2E800E9512A</string>
			<key>buildPhases</key>
			<array>
				<string>1D335370B5CA237D55B48E53</string>
				<string>180A42FE1A10A2E800E9512A</string>
				<string>180A42FF1A10A2E800E9512A</string>
				<string>180A43001A10A2E800E9512A</string>
				<string>2CBC048BCC69673108543C10</string>
			</array>
			<key>buildRules</key>
			<array/>
			<key>dependencies</key>
			<array/>
			<key>isa</key>
			<string>PBXNativeTarget</string>
			<key>name</key>
			<string>Vote</string>
			<key>productName</key>
			<string>Vote</string>
			<key>productReference</key>
			<string>180A43021A10A2E800E9512A</string>
			<key>productType</key>
			<string>com.apple.product-type.application</string>
		</dict>
		<key>180A43021A10A2E800E9512A</key>
		<dict>
			<key>explicitFileType</key>
			<string>wrapper.application</string>
			<key>includeInIndex</key>
			<string>0</string>
			<key>isa</key>
			<string>PBXFileReference</string>
			<key>path</key>
			<string>Vote.app</string>
			<key>sourceTree</key>
			<string>BUILT_PRODUCTS_DIR</string>
		</dict>
		<key>180A43031A10A2E800E9512A</key>
		<dict>
			<key>children</key>
			<array>
				<string>180A43021A10A2E800E9512A</string>
				<string>180A431E1A10A2E800E9512A</string>
			</array>
			<key>isa</key>
			<string>PBXGroup</string>
			<key>name</key>
			<string>Products</string>
			<key>sourceTree</key>
			<string>&lt;group&gt;</string>
		</dict>
		<key>180A43041A10A2E800E9512A</key>
		<dict>
			<key>children</key>
			<array>
				<string>180A43AE1A10A3E800E9512A</string>
				<string>180A432E1A10A3E800E9512A</string>
				<string>180A43121A10A2E800E9512A</string>
				<string>180A43151A10A2E800E9512A</string>
				<string>180A43171A10A2E800E9512A</string>
				<string>180A430C1A10A2E800E9512A</string>
				<string>180A43051A10A2E800E9512A</string>
			</array>
			<key>isa</key>
			<string>PBXGroup</string>
			<key>path</key>
			<string>Vote</string>
			<key>sourceTree</key>
			<string>&lt;group&gt;</string>
		</dict>
		<key>180A43051A10A2E800E9512A</key>
		<dict>
			<key>children</key>
			<array>
				<string>180A43061A10A2E800E9512A</string>
				<string>180A43071A10A2E800E9512A</string>
			</array>
			<key>isa</key>
			<string>PBXGroup</string>
			<key>name</key>
			<string>Supporting Files</string>
			<key>sourceTree</key>
			<string>&lt;group&gt;</string>
		</dict>
		<key>180A43061A10A2E800E9512A</key>
		<dict>
			<key>isa</key>
			<string>PBXFileReference</string>
			<key>lastKnownFileType</key>
			<string>text.plist.xml</string>
			<key>path</key>
			<string>Info.plist</string>
			<key>sourceTree</key>
			<string>&lt;group&gt;</string>
		</dict>
		<key>180A43071A10A2E800E9512A</key>
		<dict>
			<key>isa</key>
			<string>PBXFileReference</string>
			<key>lastKnownFileType</key>
			<string>sourcecode.c.objc</string>
			<key>path</key>
			<string>main.m</string>
			<key>sourceTree</key>
			<string>&lt;group&gt;</string>
		</dict>
		<key>180A43081A10A2E800E9512A</key>
		<dict>
			<key>fileRef</key>
			<string>180A43071A10A2E800E9512A</string>
			<key>isa</key>
			<string>PBXBuildFile</string>
		</dict>
		<key>180A430C1A10A2E800E9512A</key>
		<dict>
			<key>children</key>
			<array>
				<string>180A430D1A10A2E800E9512A</string>
			</array>
			<key>currentVersion</key>
			<string>180A430D1A10A2E800E9512A</string>
			<key>isa</key>
			<string>XCVersionGroup</string>
			<key>path</key>
			<string>Vote.xcdatamodeld</string>
			<key>sourceTree</key>
			<string>&lt;group&gt;</string>
			<key>versionGroupType</key>
			<string>wrapper.xcdatamodel</string>
		</dict>
		<key>180A430D1A10A2E800E9512A</key>
		<dict>
			<key>isa</key>
			<string>PBXFileReference</string>
			<key>lastKnownFileType</key>
			<string>wrapper.xcdatamodel</string>
			<key>path</key>
			<string>Vote.xcdatamodel</string>
			<key>sourceTree</key>
			<string>&lt;group&gt;</string>
		</dict>
		<key>180A430E1A10A2E800E9512A</key>
		<dict>
			<key>fileRef</key>
			<string>180A430C1A10A2E800E9512A</string>
			<key>isa</key>
			<string>PBXBuildFile</string>
		</dict>
		<key>180A43121A10A2E800E9512A</key>
		<dict>
			<key>children</key>
			<array>
				<string>180A43131A10A2E800E9512A</string>
			</array>
			<key>isa</key>
			<string>PBXVariantGroup</string>
			<key>name</key>
			<string>Main.storyboard</string>
			<key>sourceTree</key>
			<string>&lt;group&gt;</string>
		</dict>
		<key>180A43131A10A2E800E9512A</key>
		<dict>
			<key>isa</key>
			<string>PBXFileReference</string>
			<key>lastKnownFileType</key>
			<string>file.storyboard</string>
			<key>name</key>
			<string>Base</string>
			<key>path</key>
			<string>Base.lproj/Main.storyboard</string>
			<key>sourceTree</key>
			<string>&lt;group&gt;</string>
		</dict>
		<key>180A43141A10A2E800E9512A</key>
		<dict>
			<key>fileRef</key>
			<string>180A43121A10A2E800E9512A</string>
			<key>isa</key>
			<string>PBXBuildFile</string>
		</dict>
		<key>180A43151A10A2E800E9512A</key>
		<dict>
			<key>isa</key>
			<string>PBXFileReference</string>
			<key>lastKnownFileType</key>
			<string>folder.assetcatalog</string>
			<key>path</key>
			<string>Images.xcassets</string>
			<key>sourceTree</key>
			<string>&lt;group&gt;</string>
		</dict>
		<key>180A43161A10A2E800E9512A</key>
		<dict>
			<key>fileRef</key>
			<string>180A43151A10A2E800E9512A</string>
			<key>isa</key>
			<string>PBXBuildFile</string>
		</dict>
		<key>180A43171A10A2E800E9512A</key>
		<dict>
			<key>children</key>
			<array>
				<string>180A43181A10A2E800E9512A</string>
			</array>
			<key>isa</key>
			<string>PBXVariantGroup</string>
			<key>name</key>
			<string>LaunchScreen.xib</string>
			<key>sourceTree</key>
			<string>&lt;group&gt;</string>
		</dict>
		<key>180A43181A10A2E800E9512A</key>
		<dict>
			<key>isa</key>
			<string>PBXFileReference</string>
			<key>lastKnownFileType</key>
			<string>file.xib</string>
			<key>name</key>
			<string>Base</string>
			<key>path</key>
			<string>Base.lproj/LaunchScreen.xib</string>
			<key>sourceTree</key>
			<string>&lt;group&gt;</string>
		</dict>
		<key>180A43191A10A2E800E9512A</key>
		<dict>
			<key>fileRef</key>
			<string>180A43171A10A2E800E9512A</string>
			<key>isa</key>
			<string>PBXBuildFile</string>
		</dict>
		<key>180A431A1A10A2E800E9512A</key>
		<dict>
			<key>buildActionMask</key>
			<string>2147483647</string>
			<key>files</key>
			<array>
				<string>180A43251A10A2E800E9512A</string>
			</array>
			<key>isa</key>
			<string>PBXSourcesBuildPhase</string>
			<key>runOnlyForDeploymentPostprocessing</key>
			<string>0</string>
		</dict>
		<key>180A431B1A10A2E800E9512A</key>
		<dict>
			<key>buildActionMask</key>
			<string>2147483647</string>
			<key>files</key>
			<array/>
			<key>isa</key>
			<string>PBXFrameworksBuildPhase</string>
			<key>runOnlyForDeploymentPostprocessing</key>
			<string>0</string>
		</dict>
		<key>180A431C1A10A2E800E9512A</key>
		<dict>
			<key>buildActionMask</key>
			<string>2147483647</string>
			<key>files</key>
			<array/>
			<key>isa</key>
			<string>PBXResourcesBuildPhase</string>
			<key>runOnlyForDeploymentPostprocessing</key>
			<string>0</string>
		</dict>
		<key>180A431D1A10A2E800E9512A</key>
		<dict>
			<key>buildConfigurationList</key>
			<string>180A432B1A10A2E800E9512A</string>
			<key>buildPhases</key>
			<array>
				<string>180A431A1A10A2E800E9512A</string>
				<string>180A431B1A10A2E800E9512A</string>
				<string>180A431C1A10A2E800E9512A</string>
			</array>
			<key>buildRules</key>
			<array/>
			<key>dependencies</key>
			<array>
				<string>180A43201A10A2E800E9512A</string>
			</array>
			<key>isa</key>
			<string>PBXNativeTarget</string>
			<key>name</key>
			<string>VoteTests</string>
			<key>productName</key>
			<string>VoteTests</string>
			<key>productReference</key>
			<string>180A431E1A10A2E800E9512A</string>
			<key>productType</key>
			<string>com.apple.product-type.bundle.unit-test</string>
		</dict>
		<key>180A431E1A10A2E800E9512A</key>
		<dict>
			<key>explicitFileType</key>
			<string>wrapper.cfbundle</string>
			<key>includeInIndex</key>
			<string>0</string>
			<key>isa</key>
			<string>PBXFileReference</string>
			<key>path</key>
			<string>VoteTests.xctest</string>
			<key>sourceTree</key>
			<string>BUILT_PRODUCTS_DIR</string>
		</dict>
		<key>180A431F1A10A2E800E9512A</key>
		<dict>
			<key>containerPortal</key>
			<string>180A42FA1A10A2E800E9512A</string>
			<key>isa</key>
			<string>PBXContainerItemProxy</string>
			<key>proxyType</key>
			<string>1</string>
			<key>remoteGlobalIDString</key>
			<string>180A43011A10A2E800E9512A</string>
			<key>remoteInfo</key>
			<string>Vote</string>
		</dict>
		<key>180A43201A10A2E800E9512A</key>
		<dict>
			<key>isa</key>
			<string>PBXTargetDependency</string>
			<key>target</key>
			<string>180A43011A10A2E800E9512A</string>
			<key>targetProxy</key>
			<string>180A431F1A10A2E800E9512A</string>
		</dict>
		<key>180A43211A10A2E800E9512A</key>
		<dict>
			<key>children</key>
			<array>
				<string>180A43241A10A2E800E9512A</string>
				<string>180A43221A10A2E800E9512A</string>
			</array>
			<key>isa</key>
			<string>PBXGroup</string>
			<key>path</key>
			<string>VoteTests</string>
			<key>sourceTree</key>
			<string>&lt;group&gt;</string>
		</dict>
		<key>180A43221A10A2E800E9512A</key>
		<dict>
			<key>children</key>
			<array>
				<string>180A43231A10A2E800E9512A</string>
			</array>
			<key>isa</key>
			<string>PBXGroup</string>
			<key>name</key>
			<string>Supporting Files</string>
			<key>sourceTree</key>
			<string>&lt;group&gt;</string>
		</dict>
		<key>180A43231A10A2E800E9512A</key>
		<dict>
			<key>isa</key>
			<string>PBXFileReference</string>
			<key>lastKnownFileType</key>
			<string>text.plist.xml</string>
			<key>path</key>
			<string>Info.plist</string>
			<key>sourceTree</key>
			<string>&lt;group&gt;</string>
		</dict>
		<key>180A43241A10A2E800E9512A</key>
		<dict>
			<key>isa</key>
			<string>PBXFileReference</string>
			<key>lastKnownFileType</key>
			<string>sourcecode.c.objc</string>
			<key>path</key>
			<string>VoteTests.m</string>
			<key>sourceTree</key>
			<string>&lt;group&gt;</string>
		</dict>
		<key>180A43251A10A2E800E9512A</key>
		<dict>
			<key>fileRef</key>
			<string>180A43241A10A2E800E9512A</string>
			<key>isa</key>
			<string>PBXBuildFile</string>
		</dict>
		<key>180A43261A10A2E800E9512A</key>
		<dict>
			<key>buildSettings</key>
			<dict>
				<key>ALWAYS_SEARCH_USER_PATHS</key>
				<string>NO</string>
				<key>CLANG_CXX_LANGUAGE_STANDARD</key>
				<string>gnu++0x</string>
				<key>CLANG_CXX_LIBRARY</key>
				<string>libc++</string>
				<key>CLANG_ENABLE_MODULES</key>
				<string>YES</string>
				<key>CLANG_ENABLE_OBJC_ARC</key>
				<string>YES</string>
				<key>CLANG_WARN_BOOL_CONVERSION</key>
				<string>YES</string>
				<key>CLANG_WARN_CONSTANT_CONVERSION</key>
				<string>YES</string>
				<key>CLANG_WARN_DIRECT_OBJC_ISA_USAGE</key>
				<string>YES_ERROR</string>
				<key>CLANG_WARN_EMPTY_BODY</key>
				<string>YES</string>
				<key>CLANG_WARN_ENUM_CONVERSION</key>
				<string>YES</string>
				<key>CLANG_WARN_INT_CONVERSION</key>
				<string>YES</string>
				<key>CLANG_WARN_OBJC_ROOT_CLASS</key>
				<string>YES_ERROR</string>
				<key>CLANG_WARN_UNREACHABLE_CODE</key>
				<string>YES</string>
				<key>CLANG_WARN__DUPLICATE_METHOD_MATCH</key>
				<string>YES</string>
				<key>CODE_SIGN_IDENTITY[sdk=iphoneos*]</key>
				<string>iPhone Developer</string>
				<key>COPY_PHASE_STRIP</key>
				<string>NO</string>
				<key>ENABLE_STRICT_OBJC_MSGSEND</key>
				<string>YES</string>
				<key>GCC_C_LANGUAGE_STANDARD</key>
				<string>gnu99</string>
				<key>GCC_DYNAMIC_NO_PIC</key>
				<string>NO</string>
				<key>GCC_OPTIMIZATION_LEVEL</key>
				<string>0</string>
				<key>GCC_PREPROCESSOR_DEFINITIONS</key>
				<array>
					<string>DEBUG=1</string>
					<string>$(inherited)</string>
				</array>
				<key>GCC_SYMBOLS_PRIVATE_EXTERN</key>
				<string>NO</string>
				<key>GCC_WARN_64_TO_32_BIT_CONVERSION</key>
				<string>YES</string>
				<key>GCC_WARN_ABOUT_RETURN_TYPE</key>
				<string>YES_ERROR</string>
				<key>GCC_WARN_UNDECLARED_SELECTOR</key>
				<string>YES</string>
				<key>GCC_WARN_UNINITIALIZED_AUTOS</key>
				<string>YES_AGGRESSIVE</string>
				<key>GCC_WARN_UNUSED_FUNCTION</key>
				<string>YES</string>
				<key>GCC_WARN_UNUSED_VARIABLE</key>
				<string>YES</string>
				<key>IPHONEOS_DEPLOYMENT_TARGET</key>
				<string>8.0</string>
				<key>MTL_ENABLE_DEBUG_INFO</key>
				<string>YES</string>
				<key>ONLY_ACTIVE_ARCH</key>
				<string>YES</string>
				<key>SDKROOT</key>
				<string>iphoneos</string>
				<key>TARGETED_DEVICE_FAMILY</key>
				<string>1,2</string>
			</dict>
			<key>isa</key>
			<string>XCBuildConfiguration</string>
			<key>name</key>
			<string>Debug</string>
		</dict>
		<key>180A43271A10A2E800E9512A</key>
		<dict>
			<key>buildSettings</key>
			<dict>
				<key>ALWAYS_SEARCH_USER_PATHS</key>
				<string>NO</string>
				<key>CLANG_CXX_LANGUAGE_STANDARD</key>
				<string>gnu++0x</string>
				<key>CLANG_CXX_LIBRARY</key>
				<string>libc++</string>
				<key>CLANG_ENABLE_MODULES</key>
				<string>YES</string>
				<key>CLANG_ENABLE_OBJC_ARC</key>
				<string>YES</string>
				<key>CLANG_WARN_BOOL_CONVERSION</key>
				<string>YES</string>
				<key>CLANG_WARN_CONSTANT_CONVERSION</key>
				<string>YES</string>
				<key>CLANG_WARN_DIRECT_OBJC_ISA_USAGE</key>
				<string>YES_ERROR</string>
				<key>CLANG_WARN_EMPTY_BODY</key>
				<string>YES</string>
				<key>CLANG_WARN_ENUM_CONVERSION</key>
				<string>YES</string>
				<key>CLANG_WARN_INT_CONVERSION</key>
				<string>YES</string>
				<key>CLANG_WARN_OBJC_ROOT_CLASS</key>
				<string>YES_ERROR</string>
				<key>CLANG_WARN_UNREACHABLE_CODE</key>
				<string>YES</string>
				<key>CLANG_WARN__DUPLICATE_METHOD_MATCH</key>
				<string>YES</string>
				<key>CODE_SIGN_IDENTITY[sdk=iphoneos*]</key>
				<string>iPhone Developer</string>
				<key>COPY_PHASE_STRIP</key>
				<string>YES</string>
				<key>ENABLE_NS_ASSERTIONS</key>
				<string>NO</string>
				<key>ENABLE_STRICT_OBJC_MSGSEND</key>
				<string>YES</string>
				<key>GCC_C_LANGUAGE_STANDARD</key>
				<string>gnu99</string>
				<key>GCC_WARN_64_TO_32_BIT_CONVERSION</key>
				<string>YES</string>
				<key>GCC_WARN_ABOUT_RETURN_TYPE</key>
				<string>YES_ERROR</string>
				<key>GCC_WARN_UNDECLARED_SELECTOR</key>
				<string>YES</string>
				<key>GCC_WARN_UNINITIALIZED_AUTOS</key>
				<string>YES_AGGRESSIVE</string>
				<key>GCC_WARN_UNUSED_FUNCTION</key>
				<string>YES</string>
				<key>GCC_WARN_UNUSED_VARIABLE</key>
				<string>YES</string>
				<key>IPHONEOS_DEPLOYMENT_TARGET</key>
				<string>8.0</string>
				<key>MTL_ENABLE_DEBUG_INFO</key>
				<string>NO</string>
				<key>SDKROOT</key>
				<string>iphoneos</string>
				<key>TARGETED_DEVICE_FAMILY</key>
				<string>1,2</string>
				<key>VALIDATE_PRODUCT</key>
				<string>YES</string>
			</dict>
			<key>isa</key>
			<string>XCBuildConfiguration</string>
			<key>name</key>
			<string>Release</string>
		</dict>
		<key>180A43281A10A2E800E9512A</key>
		<dict>
			<key>buildConfigurations</key>
			<array>
				<string>180A43291A10A2E800E9512A</string>
				<string>180A432A1A10A2E800E9512A</string>
			</array>
			<key>defaultConfigurationIsVisible</key>
			<string>0</string>
			<key>isa</key>
			<string>XCConfigurationList</string>
		</dict>
		<key>180A43291A10A2E800E9512A</key>
		<dict>
			<key>baseConfigurationReference</key>
			<string>5BE263B2AC95D55449FF6DDA</string>
			<key>buildSettings</key>
			<dict>
				<key>ASSETCATALOG_COMPILER_APPICON_NAME</key>
				<string>AppIcon</string>
				<key>INFOPLIST_FILE</key>
				<string>Vote/Info.plist</string>
				<key>LD_RUNPATH_SEARCH_PATHS</key>
				<string>$(inherited) @executable_path/Frameworks</string>
				<key>LIBRARY_SEARCH_PATHS</key>
				<array>
					<string>$(inherited)</string>
					<string>$(PROJECT_DIR)/Vote/Util/Lib/lame</string>
					<string>$(PROJECT_DIR)/Vote/Util/Lib/MAT</string>
				</array>
				<key>PRODUCT_NAME</key>
				<string>$(TARGET_NAME)</string>
			</dict>
			<key>isa</key>
			<string>XCBuildConfiguration</string>
			<key>name</key>
			<string>Debug</string>
		</dict>
		<key>180A432A1A10A2E800E9512A</key>
		<dict>
			<key>baseConfigurationReference</key>
			<string>17200C6EFFFB0BB1736EF37B</string>
			<key>buildSettings</key>
			<dict>
				<key>ASSETCATALOG_COMPILER_APPICON_NAME</key>
				<string>AppIcon</string>
				<key>INFOPLIST_FILE</key>
				<string>Vote/Info.plist</string>
				<key>LD_RUNPATH_SEARCH_PATHS</key>
				<string>$(inherited) @executable_path/Frameworks</string>
				<key>LIBRARY_SEARCH_PATHS</key>
				<array>
					<string>$(inherited)</string>
					<string>$(PROJECT_DIR)/Vote/Util/Lib/lame</string>
					<string>$(PROJECT_DIR)/Vote/Util/Lib/MAT</string>
				</array>
				<key>PRODUCT_NAME</key>
				<string>$(TARGET_NAME)</string>
			</dict>
			<key>isa</key>
			<string>XCBuildConfiguration</string>
			<key>name</key>
			<string>Release</string>
		</dict>
		<key>180A432B1A10A2E800E9512A</key>
		<dict>
			<key>buildConfigurations</key>
			<array>
				<string>180A432C1A10A2E800E9512A</string>
				<string>180A432D1A10A2E800E9512A</string>
			</array>
			<key>defaultConfigurationIsVisible</key>
			<string>0</string>
			<key>isa</key>
			<string>XCConfigurationList</string>
		</dict>
		<key>180A432C1A10A2E800E9512A</key>
		<dict>
			<key>buildSettings</key>
			<dict>
				<key>BUNDLE_LOADER</key>
				<string>$(TEST_HOST)</string>
				<key>FRAMEWORK_SEARCH_PATHS</key>
				<array>
					<string>$(SDKROOT)/Developer/Library/Frameworks</string>
					<string>$(inherited)</string>
				</array>
				<key>GCC_PREPROCESSOR_DEFINITIONS</key>
				<array>
					<string>DEBUG=1</string>
					<string>$(inherited)</string>
				</array>
				<key>INFOPLIST_FILE</key>
				<string>VoteTests/Info.plist</string>
				<key>LD_RUNPATH_SEARCH_PATHS</key>
				<string>$(inherited) @executable_path/Frameworks @loader_path/Frameworks</string>
				<key>PRODUCT_NAME</key>
				<string>$(TARGET_NAME)</string>
				<key>TEST_HOST</key>
				<string>$(BUILT_PRODUCTS_DIR)/Vote.app/Vote</string>
			</dict>
			<key>isa</key>
			<string>XCBuildConfiguration</string>
			<key>name</key>
			<string>Debug</string>
		</dict>
		<key>180A432D1A10A2E800E9512A</key>
		<dict>
			<key>buildSettings</key>
			<dict>
				<key>BUNDLE_LOADER</key>
				<string>$(TEST_HOST)</string>
				<key>FRAMEWORK_SEARCH_PATHS</key>
				<array>
					<string>$(SDKROOT)/Developer/Library/Frameworks</string>
					<string>$(inherited)</string>
				</array>
				<key>INFOPLIST_FILE</key>
				<string>VoteTests/Info.plist</string>
				<key>LD_RUNPATH_SEARCH_PATHS</key>
				<string>$(inherited) @executable_path/Frameworks @loader_path/Frameworks</string>
				<key>PRODUCT_NAME</key>
				<string>$(TARGET_NAME)</string>
				<key>TEST_HOST</key>
				<string>$(BUILT_PRODUCTS_DIR)/Vote.app/Vote</string>
			</dict>
			<key>isa</key>
			<string>XCBuildConfiguration</string>
			<key>name</key>
			<string>Release</string>
		</dict>
		<key>180A432E1A10A3E800E9512A</key>
		<dict>
			<key>children</key>
			<array>
				<string>180A43311A10A3E800E9512A</string>
				<string>180A43501A10A3E800E9512A</string>
				<string>180A43AC1A10A3E800E9512A</string>
				<string>180A43AD1A10A3E800E9512A</string>
				<string>180A432F1A10A3E800E9512A</string>
				<string>180A43301A10A3E800E9512A</string>
				<string>180A44501A10A54300E9512A</string>
			</array>
			<key>isa</key>
			<string>PBXGroup</string>
			<key>path</key>
			<string>UI</string>
			<key>sourceTree</key>
			<string>&lt;group&gt;</string>
		</dict>
		<key>180A432F1A10A3E800E9512A</key>
		<dict>
			<key>fileEncoding</key>
			<string>4</string>
			<key>isa</key>
			<string>PBXFileReference</string>
			<key>lastKnownFileType</key>
			<string>sourcecode.c.h</string>
			<key>path</key>
			<string>AppDelegate.h</string>
			<key>sourceTree</key>
			<string>&lt;group&gt;</string>
		</dict>
		<key>180A43301A10A3E800E9512A</key>
		<dict>
			<key>fileEncoding</key>
			<string>4</string>
			<key>isa</key>
			<string>PBXFileReference</string>
			<key>lastKnownFileType</key>
			<string>sourcecode.c.objc</string>
			<key>path</key>
			<string>AppDelegate.m</string>
			<key>sourceTree</key>
			<string>&lt;group&gt;</string>
		</dict>
		<key>180A43311A10A3E800E9512A</key>
		<dict>
			<key>children</key>
			<array>
				<string>180A44291A10A49F00E9512A</string>
				<string>180A442C1A10A49F00E9512A</string>
				<string>180A442F1A10A49F00E9512A</string>
				<string>180A44321A10A49F00E9512A</string>
				<string>180A44351A10A49F00E9512A</string>
				<string>180A44381A10A4A000E9512A</string>
				<string>180A443B1A10A4A000E9512A</string>
				<string>180A443E1A10A4A000E9512A</string>
				<string>180A44411A10A4A000E9512A</string>
			</array>
			<key>isa</key>
			<string>PBXGroup</string>
			<key>path</key>
			<string>Base</string>
			<key>sourceTree</key>
			<string>&lt;group&gt;</string>
		</dict>
		<key>180A43501A10A3E800E9512A</key>
		<dict>
			<key>children</key>
			<array/>
			<key>isa</key>
			<string>PBXGroup</string>
			<key>path</key>
			<string>ViewController</string>
			<key>sourceTree</key>
			<string>&lt;group&gt;</string>
		</dict>
		<key>180A43AC1A10A3E800E9512A</key>
		<dict>
			<key>fileEncoding</key>
			<string>4</string>
			<key>isa</key>
			<string>PBXFileReference</string>
			<key>lastKnownFileType</key>
			<string>sourcecode.c.h</string>
			<key>path</key>
			<string>ViewController.h</string>
			<key>sourceTree</key>
			<string>&lt;group&gt;</string>
		</dict>
		<key>180A43AD1A10A3E800E9512A</key>
		<dict>
			<key>fileEncoding</key>
			<string>4</string>
			<key>isa</key>
			<string>PBXFileReference</string>
			<key>lastKnownFileType</key>
			<string>sourcecode.c.objc</string>
			<key>path</key>
			<string>ViewController.m</string>
			<key>sourceTree</key>
			<string>&lt;group&gt;</string>
		</dict>
		<key>180A43AE1A10A3E800E9512A</key>
		<dict>
			<key>children</key>
			<array>
				<string>180A43AF1A10A3E800E9512A</string>
				<string>180A43B01A10A3E800E9512A</string>
				<string>180A43B11A10A3E800E9512A</string>
				<string>180A43B41A10A3E900E9512A</string>
				<string>180A43BF1A10A3E900E9512A</string>
				<string>180A43DA1A10A3E900E9512A</string>
				<string>180A43E11A10A3E900E9512A</string>
				<string>180A43E21A10A3E900E9512A</string>
			</array>
			<key>isa</key>
			<string>PBXGroup</string>
			<key>path</key>
			<string>Util</string>
			<key>sourceTree</key>
			<string>&lt;group&gt;</string>
		</dict>
		<key>180A43AF1A10A3E800E9512A</key>
		<dict>
			<key>fileEncoding</key>
			<string>4</string>
			<key>isa</key>
			<string>PBXFileReference</string>
			<key>lastKnownFileType</key>
			<string>sourcecode.c.h</string>
			<key>path</key>
			<string>AudioUtils.h</string>
			<key>sourceTree</key>
			<string>&lt;group&gt;</string>
		</dict>
		<key>180A43B01A10A3E800E9512A</key>
		<dict>
			<key>fileEncoding</key>
			<string>4</string>
			<key>isa</key>
			<string>PBXFileReference</string>
			<key>lastKnownFileType</key>
			<string>sourcecode.c.objc</string>
			<key>path</key>
			<string>AudioUtils.m</string>
			<key>sourceTree</key>
			<string>&lt;group&gt;</string>
		</dict>
		<key>180A43B11A10A3E800E9512A</key>
		<dict>
			<key>children</key>
			<array>
				<string>180A43B21A10A3E900E9512A</string>
				<string>180A43B31A10A3E900E9512A</string>
			</array>
			<key>isa</key>
			<string>PBXGroup</string>
			<key>path</key>
			<string>Define</string>
			<key>sourceTree</key>
			<string>&lt;group&gt;</string>
		</dict>
		<key>180A43B21A10A3E900E9512A</key>
		<dict>
			<key>fileEncoding</key>
			<string>4</string>
			<key>isa</key>
			<string>PBXFileReference</string>
			<key>lastKnownFileType</key>
			<string>sourcecode.c.h</string>
			<key>path</key>
			<string>DefineString.h</string>
			<key>sourceTree</key>
			<string>&lt;group&gt;</string>
		</dict>
		<key>180A43B31A10A3E900E9512A</key>
		<dict>
			<key>fileEncoding</key>
			<string>4</string>
			<key>isa</key>
			<string>PBXFileReference</string>
			<key>lastKnownFileType</key>
			<string>sourcecode.c.h</string>
			<key>path</key>
			<string>Global.h</string>
			<key>sourceTree</key>
			<string>&lt;group&gt;</string>
		</dict>
		<key>180A43B41A10A3E900E9512A</key>
		<dict>
			<key>children</key>
			<array>
				<string>180A43B51A10A3E900E9512A</string>
				<string>180A43B81A10A3E900E9512A</string>
				<string>180A43BB1A10A3E900E9512A</string>
			</array>
			<key>isa</key>
			<string>PBXGroup</string>
			<key>path</key>
			<string>Lib</string>
			<key>sourceTree</key>
			<string>&lt;group&gt;</string>
		</dict>
		<key>180A43B51A10A3E900E9512A</key>
		<dict>
			<key>children</key>
			<array>
				<string>180A43B61A10A3E900E9512A</string>
				<string>180A43B71A10A3E900E9512A</string>
			</array>
			<key>isa</key>
			<string>PBXGroup</string>
			<key>path</key>
			<string>HMSegmentedControl</string>
			<key>sourceTree</key>
			<string>&lt;group&gt;</string>
		</dict>
		<key>180A43B61A10A3E900E9512A</key>
		<dict>
			<key>fileEncoding</key>
			<string>4</string>
			<key>isa</key>
			<string>PBXFileReference</string>
			<key>lastKnownFileType</key>
			<string>sourcecode.c.h</string>
			<key>path</key>
			<string>HMSegmentedControl.h</string>
			<key>sourceTree</key>
			<string>&lt;group&gt;</string>
		</dict>
		<key>180A43B71A10A3E900E9512A</key>
		<dict>
			<key>fileEncoding</key>
			<string>4</string>
			<key>isa</key>
			<string>PBXFileReference</string>
			<key>lastKnownFileType</key>
			<string>sourcecode.c.objc</string>
			<key>path</key>
			<string>HMSegmentedControl.m</string>
			<key>sourceTree</key>
			<string>&lt;group&gt;</string>
		</dict>
		<key>180A43B81A10A3E900E9512A</key>
		<dict>
			<key>children</key>
			<array>
				<string>180A43B91A10A3E900E9512A</string>
				<string>180A43BA1A10A3E900E9512A</string>
			</array>
			<key>isa</key>
			<string>PBXGroup</string>
			<key>path</key>
			<string>lame</string>
			<key>sourceTree</key>
			<string>&lt;group&gt;</string>
		</dict>
		<key>180A43B91A10A3E900E9512A</key>
		<dict>
			<key>fileEncoding</key>
			<string>4</string>
			<key>isa</key>
			<string>PBXFileReference</string>
			<key>lastKnownFileType</key>
			<string>sourcecode.c.h</string>
			<key>path</key>
			<string>lame.h</string>
			<key>sourceTree</key>
			<string>&lt;group&gt;</string>
		</dict>
		<key>180A43BA1A10A3E900E9512A</key>
		<dict>
			<key>isa</key>
			<string>PBXFileReference</string>
			<key>lastKnownFileType</key>
			<string>archive.ar</string>
			<key>path</key>
			<string>libmp3lame.a</string>
			<key>sourceTree</key>
			<string>&lt;group&gt;</string>
		</dict>
		<key>180A43BB1A10A3E900E9512A</key>
		<dict>
			<key>children</key>
			<array>
				<string>180A43BC1A10A3E900E9512A</string>
				<string>180A43BD1A10A3E900E9512A</string>
				<string>180A43BE1A10A3E900E9512A</string>
			</array>
			<key>isa</key>
			<string>PBXGroup</string>
			<key>path</key>
			<string>MAT</string>
			<key>sourceTree</key>
			<string>&lt;group&gt;</string>
		</dict>
		<key>180A43BC1A10A3E900E9512A</key>
		<dict>
			<key>isa</key>
			<string>PBXFileReference</string>
			<key>lastKnownFileType</key>
			<string>archive.ar</string>
			<key>path</key>
			<string>libmtasdk.a</string>
			<key>sourceTree</key>
			<string>&lt;group&gt;</string>
		</dict>
		<key>180A43BD1A10A3E900E9512A</key>
		<dict>
			<key>fileEncoding</key>
			<string>4</string>
			<key>isa</key>
			<string>PBXFileReference</string>
			<key>lastKnownFileType</key>
			<string>sourcecode.c.h</string>
			<key>path</key>
			<string>MTA.h</string>
			<key>sourceTree</key>
			<string>&lt;group&gt;</string>
		</dict>
		<key>180A43BE1A10A3E900E9512A</key>
		<dict>
			<key>fileEncoding</key>
			<string>4</string>
			<key>isa</key>
			<string>PBXFileReference</string>
			<key>lastKnownFileType</key>
			<string>sourcecode.c.h</string>
			<key>path</key>
			<string>MTAConfig.h</string>
			<key>sourceTree</key>
			<string>&lt;group&gt;</string>
		</dict>
		<key>180A43BF1A10A3E900E9512A</key>
		<dict>
			<key>children</key>
			<array>
				<string>180A43C01A10A3E900E9512A</string>
				<string>180A43D51A10A3E900E9512A</string>
				<string>180A43D81A10A3E900E9512A</string>
				<string>180A43D91A10A3E900E9512A</string>
			</array>
			<key>isa</key>
			<string>PBXGroup</string>
			<key>path</key>
			<string>ServiceManager</string>
			<key>sourceTree</key>
			<string>&lt;group&gt;</string>
		</dict>
		<key>180A43C01A10A3E900E9512A</key>
		<dict>
			<key>children</key>
			<array>
				<string>180A43C11A10A3E900E9512A</string>
				<string>180A43C61A10A3E900E9512A</string>
				<string>180A43CB1A10A3E900E9512A</string>
				<string>180A43D01A10A3E900E9512A</string>
			</array>
			<key>isa</key>
			<string>PBXGroup</string>
			<key>path</key>
			<string>Model</string>
			<key>sourceTree</key>
			<string>&lt;group&gt;</string>
		</dict>
		<key>180A43C11A10A3E900E9512A</key>
		<dict>
			<key>children</key>
			<array>
				<string>180A43C21A10A3E900E9512A</string>
				<string>180A43C31A10A3E900E9512A</string>
				<string>180A43C41A10A3E900E9512A</string>
				<string>180A43C51A10A3E900E9512A</string>
			</array>
			<key>isa</key>
			<string>PBXGroup</string>
			<key>path</key>
			<string>Login</string>
			<key>sourceTree</key>
			<string>&lt;group&gt;</string>
		</dict>
		<key>180A43C21A10A3E900E9512A</key>
		<dict>
			<key>fileEncoding</key>
			<string>4</string>
			<key>isa</key>
			<string>PBXFileReference</string>
			<key>lastKnownFileType</key>
			<string>sourcecode.c.h</string>
			<key>path</key>
			<string>LoginReqModel.h</string>
			<key>sourceTree</key>
			<string>&lt;group&gt;</string>
		</dict>
		<key>180A43C31A10A3E900E9512A</key>
		<dict>
			<key>fileEncoding</key>
			<string>4</string>
			<key>isa</key>
			<string>PBXFileReference</string>
			<key>lastKnownFileType</key>
			<string>sourcecode.c.objc</string>
			<key>path</key>
			<string>LoginReqModel.m</string>
			<key>sourceTree</key>
			<string>&lt;group&gt;</string>
		</dict>
		<key>180A43C41A10A3E900E9512A</key>
		<dict>
			<key>fileEncoding</key>
			<string>4</string>
			<key>isa</key>
			<string>PBXFileReference</string>
			<key>lastKnownFileType</key>
			<string>sourcecode.c.h</string>
			<key>path</key>
			<string>LoginRespModel.h</string>
			<key>sourceTree</key>
			<string>&lt;group&gt;</string>
		</dict>
		<key>180A43C51A10A3E900E9512A</key>
		<dict>
			<key>fileEncoding</key>
			<string>4</string>
			<key>isa</key>
			<string>PBXFileReference</string>
			<key>lastKnownFileType</key>
			<string>sourcecode.c.objc</string>
			<key>path</key>
			<string>LoginRespModel.m</string>
			<key>sourceTree</key>
			<string>&lt;group&gt;</string>
		</dict>
		<key>180A43C61A10A3E900E9512A</key>
		<dict>
			<key>children</key>
			<array>
				<string>180A43C71A10A3E900E9512A</string>
				<string>180A43C81A10A3E900E9512A</string>
				<string>180A43C91A10A3E900E9512A</string>
				<string>180A43CA1A10A3E900E9512A</string>
			</array>
			<key>isa</key>
			<string>PBXGroup</string>
			<key>path</key>
			<string>Register</string>
			<key>sourceTree</key>
			<string>&lt;group&gt;</string>
		</dict>
		<key>180A43C71A10A3E900E9512A</key>
		<dict>
			<key>fileEncoding</key>
			<string>4</string>
			<key>isa</key>
			<string>PBXFileReference</string>
			<key>lastKnownFileType</key>
			<string>sourcecode.c.h</string>
			<key>path</key>
			<string>RegisterReqModel.h</string>
			<key>sourceTree</key>
			<string>&lt;group&gt;</string>
		</dict>
		<key>180A43C81A10A3E900E9512A</key>
		<dict>
			<key>fileEncoding</key>
			<string>4</string>
			<key>isa</key>
			<string>PBXFileReference</string>
			<key>lastKnownFileType</key>
			<string>sourcecode.c.objc</string>
			<key>path</key>
			<string>RegisterReqModel.m</string>
			<key>sourceTree</key>
			<string>&lt;group&gt;</string>
		</dict>
		<key>180A43C91A10A3E900E9512A</key>
		<dict>
			<key>fileEncoding</key>
			<string>4</string>
			<key>isa</key>
			<string>PBXFileReference</string>
			<key>lastKnownFileType</key>
			<string>sourcecode.c.h</string>
			<key>path</key>
			<string>RegisterRespModel.h</string>
			<key>sourceTree</key>
			<string>&lt;group&gt;</string>
		</dict>
		<key>180A43CA1A10A3E900E9512A</key>
		<dict>
			<key>fileEncoding</key>
			<string>4</string>
			<key>isa</key>
			<string>PBXFileReference</string>
			<key>lastKnownFileType</key>
			<string>sourcecode.c.objc</string>
			<key>path</key>
			<string>RegisterRespModel.m</string>
			<key>sourceTree</key>
			<string>&lt;group&gt;</string>
		</dict>
		<key>180A43CB1A10A3E900E9512A</key>
		<dict>
			<key>children</key>
			<array>
				<string>180A43CC1A10A3E900E9512A</string>
				<string>180A43CD1A10A3E900E9512A</string>
				<string>180A43CE1A10A3E900E9512A</string>
				<string>180A43CF1A10A3E900E9512A</string>
			</array>
			<key>isa</key>
			<string>PBXGroup</string>
			<key>path</key>
			<string>Splash</string>
			<key>sourceTree</key>
			<string>&lt;group&gt;</string>
		</dict>
		<key>180A43CC1A10A3E900E9512A</key>
		<dict>
			<key>fileEncoding</key>
			<string>4</string>
			<key>isa</key>
			<string>PBXFileReference</string>
			<key>lastKnownFileType</key>
			<string>sourcecode.c.h</string>
			<key>path</key>
			<string>SplashReqModel.h</string>
			<key>sourceTree</key>
			<string>&lt;group&gt;</string>
		</dict>
		<key>180A43CD1A10A3E900E9512A</key>
		<dict>
			<key>fileEncoding</key>
			<string>4</string>
			<key>isa</key>
			<string>PBXFileReference</string>
			<key>lastKnownFileType</key>
			<string>sourcecode.c.objc</string>
			<key>path</key>
			<string>SplashReqModel.m</string>
			<key>sourceTree</key>
			<string>&lt;group&gt;</string>
		</dict>
		<key>180A43CE1A10A3E900E9512A</key>
		<dict>
			<key>fileEncoding</key>
			<string>4</string>
			<key>isa</key>
			<string>PBXFileReference</string>
			<key>lastKnownFileType</key>
			<string>sourcecode.c.h</string>
			<key>path</key>
			<string>SplashRespModel.h</string>
			<key>sourceTree</key>
			<string>&lt;group&gt;</string>
		</dict>
		<key>180A43CF1A10A3E900E9512A</key>
		<dict>
			<key>fileEncoding</key>
			<string>4</string>
			<key>isa</key>
			<string>PBXFileReference</string>
			<key>lastKnownFileType</key>
			<string>sourcecode.c.objc</string>
			<key>path</key>
			<string>SplashRespModel.m</string>
			<key>sourceTree</key>
			<string>&lt;group&gt;</string>
		</dict>
		<key>180A43D01A10A3E900E9512A</key>
		<dict>
			<key>children</key>
			<array>
				<string>180A43D11A10A3E900E9512A</string>
				<string>180A43D21A10A3E900E9512A</string>
				<string>180A43D31A10A3E900E9512A</string>
				<string>180A43D41A10A3E900E9512A</string>
			</array>
			<key>isa</key>
			<string>PBXGroup</string>
			<key>path</key>
			<string>VerifyCode</string>
			<key>sourceTree</key>
			<string>&lt;group&gt;</string>
		</dict>
		<key>180A43D11A10A3E900E9512A</key>
		<dict>
			<key>fileEncoding</key>
			<string>4</string>
			<key>isa</key>
			<string>PBXFileReference</string>
			<key>lastKnownFileType</key>
			<string>sourcecode.c.h</string>
			<key>path</key>
			<string>VerifyCodeReqModel.h</string>
			<key>sourceTree</key>
			<string>&lt;group&gt;</string>
		</dict>
		<key>180A43D21A10A3E900E9512A</key>
		<dict>
			<key>fileEncoding</key>
			<string>4</string>
			<key>isa</key>
			<string>PBXFileReference</string>
			<key>lastKnownFileType</key>
			<string>sourcecode.c.objc</string>
			<key>path</key>
			<string>VerifyCodeReqModel.m</string>
			<key>sourceTree</key>
			<string>&lt;group&gt;</string>
		</dict>
		<key>180A43D31A10A3E900E9512A</key>
		<dict>
			<key>fileEncoding</key>
			<string>4</string>
			<key>isa</key>
			<string>PBXFileReference</string>
			<key>lastKnownFileType</key>
			<string>sourcecode.c.h</string>
			<key>path</key>
			<string>VerifyCodeRespModel.h</string>
			<key>sourceTree</key>
			<string>&lt;group&gt;</string>
		</dict>
		<key>180A43D41A10A3E900E9512A</key>
		<dict>
			<key>fileEncoding</key>
			<string>4</string>
			<key>isa</key>
			<string>PBXFileReference</string>
			<key>lastKnownFileType</key>
			<string>sourcecode.c.objc</string>
			<key>path</key>
			<string>VerifyCodeRespModel.m</string>
			<key>sourceTree</key>
			<string>&lt;group&gt;</string>
		</dict>
		<key>180A43D51A10A3E900E9512A</key>
		<dict>
			<key>children</key>
			<array>
				<string>180A43D61A10A3E900E9512A</string>
				<string>180A43D71A10A3E900E9512A</string>
			</array>
			<key>isa</key>
			<string>PBXGroup</string>
			<key>path</key>
			<string>RequestURL</string>
			<key>sourceTree</key>
			<string>&lt;group&gt;</string>
		</dict>
		<key>180A43D61A10A3E900E9512A</key>
		<dict>
			<key>fileEncoding</key>
			<string>4</string>
			<key>isa</key>
			<string>PBXFileReference</string>
			<key>lastKnownFileType</key>
			<string>sourcecode.c.h</string>
			<key>path</key>
			<string>RequstURL.h</string>
			<key>sourceTree</key>
			<string>&lt;group&gt;</string>
		</dict>
		<key>180A43D71A10A3E900E9512A</key>
		<dict>
			<key>fileEncoding</key>
			<string>4</string>
			<key>isa</key>
			<string>PBXFileReference</string>
			<key>lastKnownFileType</key>
			<string>sourcecode.c.objc</string>
			<key>path</key>
			<string>RequstURL.m</string>
			<key>sourceTree</key>
			<string>&lt;group&gt;</string>
		</dict>
		<key>180A43D81A10A3E900E9512A</key>
		<dict>
			<key>fileEncoding</key>
			<string>4</string>
			<key>isa</key>
			<string>PBXFileReference</string>
			<key>lastKnownFileType</key>
			<string>sourcecode.c.h</string>
			<key>path</key>
			<string>UnifyReqManager.h</string>
			<key>sourceTree</key>
			<string>&lt;group&gt;</string>
		</dict>
		<key>180A43D91A10A3E900E9512A</key>
		<dict>
			<key>fileEncoding</key>
			<string>4</string>
			<key>isa</key>
			<string>PBXFileReference</string>
			<key>lastKnownFileType</key>
			<string>sourcecode.c.objc</string>
			<key>path</key>
			<string>UnifyReqManager.m</string>
			<key>sourceTree</key>
			<string>&lt;group&gt;</string>
		</dict>
		<key>180A43DA1A10A3E900E9512A</key>
		<dict>
			<key>children</key>
			<array>
				<string>180A43DB1A10A3E900E9512A</string>
				<string>180A43DC1A10A3E900E9512A</string>
				<string>180A43DD1A10A3E900E9512A</string>
				<string>180A43DE1A10A3E900E9512A</string>
				<string>180A43DF1A10A3E900E9512A</string>
				<string>180A43E01A10A3E900E9512A</string>
			</array>
			<key>isa</key>
			<string>PBXGroup</string>
			<key>path</key>
			<string>StoryBoard</string>
			<key>sourceTree</key>
			<string>&lt;group&gt;</string>
		</dict>
		<key>180A43DB1A10A3E900E9512A</key>
		<dict>
			<key>fileEncoding</key>
			<string>4</string>
			<key>isa</key>
			<string>PBXFileReference</string>
			<key>lastKnownFileType</key>
			<string>sourcecode.c.h</string>
			<key>path</key>
			<string>ExternNavigationController.h</string>
			<key>sourceTree</key>
			<string>&lt;group&gt;</string>
		</dict>
		<key>180A43DC1A10A3E900E9512A</key>
		<dict>
			<key>fileEncoding</key>
			<string>4</string>
			<key>isa</key>
			<string>PBXFileReference</string>
			<key>lastKnownFileType</key>
			<string>sourcecode.c.objc</string>
			<key>path</key>
			<string>ExternNavigationController.m</string>
			<key>sourceTree</key>
			<string>&lt;group&gt;</string>
		</dict>
		<key>180A43DD1A10A3E900E9512A</key>
		<dict>
			<key>fileEncoding</key>
			<string>4</string>
			<key>isa</key>
			<string>PBXFileReference</string>
			<key>lastKnownFileType</key>
			<string>sourcecode.c.h</string>
			<key>path</key>
			<string>ExternStoryboardSegue.h</string>
			<key>sourceTree</key>
			<string>&lt;group&gt;</string>
		</dict>
		<key>180A43DE1A10A3E900E9512A</key>
		<dict>
			<key>fileEncoding</key>
			<string>4</string>
			<key>isa</key>
			<string>PBXFileReference</string>
			<key>lastKnownFileType</key>
			<string>sourcecode.c.objc</string>
			<key>path</key>
			<string>ExternStoryboardSegue.m</string>
			<key>sourceTree</key>
			<string>&lt;group&gt;</string>
		</dict>
		<key>180A43DF1A10A3E900E9512A</key>
		<dict>
			<key>fileEncoding</key>
			<string>4</string>
			<key>isa</key>
			<string>PBXFileReference</string>
			<key>lastKnownFileType</key>
			<string>sourcecode.c.h</string>
			<key>path</key>
			<string>ExternViewController.h</string>
			<key>sourceTree</key>
			<string>&lt;group&gt;</string>
		</dict>
		<key>180A43E01A10A3E900E9512A</key>
		<dict>
			<key>fileEncoding</key>
			<string>4</string>
			<key>isa</key>
			<string>PBXFileReference</string>
			<key>lastKnownFileType</key>
			<string>sourcecode.c.objc</string>
			<key>path</key>
			<string>ExternViewController.m</string>
			<key>sourceTree</key>
			<string>&lt;group&gt;</string>
		</dict>
		<key>180A43E11A10A3E900E9512A</key>
		<dict>
			<key>fileEncoding</key>
			<string>4</string>
			<key>isa</key>
			<string>PBXFileReference</string>
			<key>lastKnownFileType</key>
			<string>sourcecode.c.h</string>
			<key>path</key>
			<string>StringUtil.h</string>
			<key>sourceTree</key>
			<string>&lt;group&gt;</string>
		</dict>
		<key>180A43E21A10A3E900E9512A</key>
		<dict>
			<key>fileEncoding</key>
			<string>4</string>
			<key>isa</key>
			<string>PBXFileReference</string>
			<key>lastKnownFileType</key>
			<string>sourcecode.c.objc</string>
			<key>path</key>
			<string>StringUtil.m</string>
			<key>sourceTree</key>
			<string>&lt;group&gt;</string>
		</dict>
		<key>180A43E31A10A3E900E9512A</key>
		<dict>
			<key>fileRef</key>
			<string>180A43301A10A3E800E9512A</string>
			<key>isa</key>
			<string>PBXBuildFile</string>
		</dict>
		<key>180A44161A10A3E900E9512A</key>
		<dict>
			<key>fileRef</key>
			<string>180A43AD1A10A3E800E9512A</string>
			<key>isa</key>
			<string>PBXBuildFile</string>
		</dict>
		<key>180A44171A10A3E900E9512A</key>
		<dict>
			<key>fileRef</key>
			<string>180A43B01A10A3E800E9512A</string>
			<key>isa</key>
			<string>PBXBuildFile</string>
		</dict>
		<key>180A44181A10A3E900E9512A</key>
		<dict>
			<key>fileRef</key>
			<string>180A43B71A10A3E900E9512A</string>
			<key>isa</key>
			<string>PBXBuildFile</string>
		</dict>
		<key>180A44191A10A3E900E9512A</key>
		<dict>
			<key>fileRef</key>
			<string>180A43BA1A10A3E900E9512A</string>
			<key>isa</key>
			<string>PBXBuildFile</string>
		</dict>
		<key>180A441A1A10A3E900E9512A</key>
		<dict>
			<key>fileRef</key>
			<string>180A43BC1A10A3E900E9512A</string>
			<key>isa</key>
			<string>PBXBuildFile</string>
		</dict>
		<key>180A441B1A10A3E900E9512A</key>
		<dict>
			<key>fileRef</key>
			<string>180A43C31A10A3E900E9512A</string>
			<key>isa</key>
			<string>PBXBuildFile</string>
		</dict>
		<key>180A441C1A10A3E900E9512A</key>
		<dict>
			<key>fileRef</key>
			<string>180A43C51A10A3E900E9512A</string>
			<key>isa</key>
			<string>PBXBuildFile</string>
		</dict>
		<key>180A441D1A10A3E900E9512A</key>
		<dict>
			<key>fileRef</key>
			<string>180A43C81A10A3E900E9512A</string>
			<key>isa</key>
			<string>PBXBuildFile</string>
		</dict>
		<key>180A441E1A10A3E900E9512A</key>
		<dict>
			<key>fileRef</key>
			<string>180A43CA1A10A3E900E9512A</string>
			<key>isa</key>
			<string>PBXBuildFile</string>
		</dict>
		<key>180A441F1A10A3E900E9512A</key>
		<dict>
			<key>fileRef</key>
			<string>180A43CD1A10A3E900E9512A</string>
			<key>isa</key>
			<string>PBXBuildFile</string>
		</dict>
		<key>180A44201A10A3E900E9512A</key>
		<dict>
			<key>fileRef</key>
			<string>180A43CF1A10A3E900E9512A</string>
			<key>isa</key>
			<string>PBXBuildFile</string>
		</dict>
		<key>180A44211A10A3E900E9512A</key>
		<dict>
			<key>fileRef</key>
			<string>180A43D21A10A3E900E9512A</string>
			<key>isa</key>
			<string>PBXBuildFile</string>
		</dict>
		<key>180A44221A10A3E900E9512A</key>
		<dict>
			<key>fileRef</key>
			<string>180A43D41A10A3E900E9512A</string>
			<key>isa</key>
			<string>PBXBuildFile</string>
		</dict>
		<key>180A44231A10A3E900E9512A</key>
		<dict>
			<key>fileRef</key>
			<string>180A43D71A10A3E900E9512A</string>
			<key>isa</key>
			<string>PBXBuildFile</string>
		</dict>
		<key>180A44241A10A3E900E9512A</key>
		<dict>
			<key>fileRef</key>
			<string>180A43D91A10A3E900E9512A</string>
			<key>isa</key>
			<string>PBXBuildFile</string>
		</dict>
		<key>180A44251A10A3E900E9512A</key>
		<dict>
			<key>fileRef</key>
			<string>180A43DC1A10A3E900E9512A</string>
			<key>isa</key>
			<string>PBXBuildFile</string>
		</dict>
		<key>180A44261A10A3E900E9512A</key>
		<dict>
			<key>fileRef</key>
			<string>180A43DE1A10A3E900E9512A</string>
			<key>isa</key>
			<string>PBXBuildFile</string>
		</dict>
		<key>180A44271A10A3E900E9512A</key>
		<dict>
			<key>fileRef</key>
			<string>180A43E01A10A3E900E9512A</string>
			<key>isa</key>
			<string>PBXBuildFile</string>
		</dict>
		<key>180A44281A10A3E900E9512A</key>
		<dict>
			<key>fileRef</key>
			<string>180A43E21A10A3E900E9512A</string>
			<key>isa</key>
			<string>PBXBuildFile</string>
		</dict>
		<key>180A44291A10A49F00E9512A</key>
		<dict>
			<key>children</key>
			<array>
				<string>180A442A1A10A49F00E9512A</string>
				<string>180A442B1A10A49F00E9512A</string>
			</array>
			<key>isa</key>
			<string>PBXGroup</string>
			<key>path</key>
			<string>BaseButton</string>
			<key>sourceTree</key>
			<string>&lt;group&gt;</string>
		</dict>
		<key>180A442A1A10A49F00E9512A</key>
		<dict>
			<key>fileEncoding</key>
			<string>4</string>
			<key>isa</key>
			<string>PBXFileReference</string>
			<key>lastKnownFileType</key>
			<string>sourcecode.c.h</string>
			<key>path</key>
			<string>BaseButton.h</string>
			<key>sourceTree</key>
			<string>&lt;group&gt;</string>
		</dict>
		<key>180A442B1A10A49F00E9512A</key>
		<dict>
			<key>fileEncoding</key>
			<string>4</string>
			<key>isa</key>
			<string>PBXFileReference</string>
			<key>lastKnownFileType</key>
			<string>sourcecode.c.objc</string>
			<key>path</key>
			<string>BaseButton.m</string>
			<key>sourceTree</key>
			<string>&lt;group&gt;</string>
		</dict>
		<key>180A442C1A10A49F00E9512A</key>
		<dict>
			<key>children</key>
			<array>
				<string>180A442D1A10A49F00E9512A</string>
				<string>180A442E1A10A49F00E9512A</string>
			</array>
			<key>isa</key>
			<string>PBXGroup</string>
			<key>path</key>
			<string>BaseLabel</string>
			<key>sourceTree</key>
			<string>&lt;group&gt;</string>
		</dict>
		<key>180A442D1A10A49F00E9512A</key>
		<dict>
			<key>fileEncoding</key>
			<string>4</string>
			<key>isa</key>
			<string>PBXFileReference</string>
			<key>lastKnownFileType</key>
			<string>sourcecode.c.h</string>
			<key>path</key>
			<string>BaseLabel.h</string>
			<key>sourceTree</key>
			<string>&lt;group&gt;</string>
		</dict>
		<key>180A442E1A10A49F00E9512A</key>
		<dict>
			<key>fileEncoding</key>
			<string>4</string>
			<key>isa</key>
			<string>PBXFileReference</string>
			<key>lastKnownFileType</key>
			<string>sourcecode.c.objc</string>
			<key>path</key>
			<string>BaseLabel.m</string>
			<key>sourceTree</key>
			<string>&lt;group&gt;</string>
		</dict>
		<key>180A442F1A10A49F00E9512A</key>
		<dict>
			<key>children</key>
			<array>
				<string>180A44301A10A49F00E9512A</string>
				<string>180A44311A10A49F00E9512A</string>
			</array>
			<key>isa</key>
			<string>PBXGroup</string>
			<key>path</key>
			<string>BaseTabbarButton</string>
			<key>sourceTree</key>
			<string>&lt;group&gt;</string>
		</dict>
		<key>180A44301A10A49F00E9512A</key>
		<dict>
			<key>fileEncoding</key>
			<string>4</string>
			<key>isa</key>
			<string>PBXFileReference</string>
			<key>lastKnownFileType</key>
			<string>sourcecode.c.h</string>
			<key>path</key>
			<string>BaseTabbarButton.h</string>
			<key>sourceTree</key>
			<string>&lt;group&gt;</string>
		</dict>
		<key>180A44311A10A49F00E9512A</key>
		<dict>
			<key>fileEncoding</key>
			<string>4</string>
			<key>isa</key>
			<string>PBXFileReference</string>
			<key>lastKnownFileType</key>
			<string>sourcecode.c.objc</string>
			<key>path</key>
			<string>BaseTabbarButton.m</string>
			<key>sourceTree</key>
			<string>&lt;group&gt;</string>
		</dict>
		<key>180A44321A10A49F00E9512A</key>
		<dict>
			<key>children</key>
			<array>
				<string>180A44331A10A49F00E9512A</string>
				<string>180A44341A10A49F00E9512A</string>
			</array>
			<key>isa</key>
			<string>PBXGroup</string>
			<key>path</key>
			<string>BaseTableView</string>
			<key>sourceTree</key>
			<string>&lt;group&gt;</string>
		</dict>
		<key>180A44331A10A49F00E9512A</key>
		<dict>
			<key>fileEncoding</key>
			<string>4</string>
			<key>isa</key>
			<string>PBXFileReference</string>
			<key>lastKnownFileType</key>
			<string>sourcecode.c.h</string>
			<key>path</key>
			<string>BaseTableView.h</string>
			<key>sourceTree</key>
			<string>&lt;group&gt;</string>
		</dict>
		<key>180A44341A10A49F00E9512A</key>
		<dict>
			<key>fileEncoding</key>
			<string>4</string>
			<key>isa</key>
			<string>PBXFileReference</string>
			<key>lastKnownFileType</key>
			<string>sourcecode.c.objc</string>
			<key>path</key>
			<string>BaseTableView.m</string>
			<key>sourceTree</key>
			<string>&lt;group&gt;</string>
		</dict>
		<key>180A44351A10A49F00E9512A</key>
		<dict>
			<key>children</key>
			<array>
				<string>180A44361A10A49F00E9512A</string>
				<string>180A44371A10A49F00E9512A</string>
			</array>
			<key>isa</key>
			<string>PBXGroup</string>
			<key>path</key>
			<string>BaseTextField</string>
			<key>sourceTree</key>
			<string>&lt;group&gt;</string>
		</dict>
		<key>180A44361A10A49F00E9512A</key>
		<dict>
			<key>fileEncoding</key>
			<string>4</string>
			<key>isa</key>
			<string>PBXFileReference</string>
			<key>lastKnownFileType</key>
			<string>sourcecode.c.h</string>
			<key>path</key>
			<string>BaseTextField.h</string>
			<key>sourceTree</key>
			<string>&lt;group&gt;</string>
		</dict>
		<key>180A44371A10A49F00E9512A</key>
		<dict>
			<key>fileEncoding</key>
			<string>4</string>
			<key>isa</key>
			<string>PBXFileReference</string>
			<key>lastKnownFileType</key>
			<string>sourcecode.c.objc</string>
			<key>path</key>
			<string>BaseTextField.m</string>
			<key>sourceTree</key>
			<string>&lt;group&gt;</string>
		</dict>
		<key>180A44381A10A4A000E9512A</key>
		<dict>
			<key>children</key>
			<array>
				<string>180A44391A10A4A000E9512A</string>
				<string>180A443A1A10A4A000E9512A</string>
			</array>
			<key>isa</key>
			<string>PBXGroup</string>
			<key>path</key>
			<string>BaseTextView</string>
			<key>sourceTree</key>
			<string>&lt;group&gt;</string>
		</dict>
		<key>180A44391A10A4A000E9512A</key>
		<dict>
			<key>fileEncoding</key>
			<string>4</string>
			<key>isa</key>
			<string>PBXFileReference</string>
			<key>lastKnownFileType</key>
			<string>sourcecode.c.h</string>
			<key>path</key>
			<string>BaseTextView.h</string>
			<key>sourceTree</key>
			<string>&lt;group&gt;</string>
		</dict>
		<key>180A443A1A10A4A000E9512A</key>
		<dict>
			<key>fileEncoding</key>
			<string>4</string>
			<key>isa</key>
			<string>PBXFileReference</string>
			<key>lastKnownFileType</key>
			<string>sourcecode.c.objc</string>
			<key>path</key>
			<string>BaseTextView.m</string>
			<key>sourceTree</key>
			<string>&lt;group&gt;</string>
		</dict>
		<key>180A443B1A10A4A000E9512A</key>
		<dict>
			<key>children</key>
			<array>
				<string>180A443C1A10A4A000E9512A</string>
				<string>180A443D1A10A4A000E9512A</string>
			</array>
			<key>isa</key>
			<string>PBXGroup</string>
			<key>path</key>
			<string>BaseView</string>
			<key>sourceTree</key>
			<string>&lt;group&gt;</string>
		</dict>
		<key>180A443C1A10A4A000E9512A</key>
		<dict>
			<key>fileEncoding</key>
			<string>4</string>
			<key>isa</key>
			<string>PBXFileReference</string>
			<key>lastKnownFileType</key>
			<string>sourcecode.c.h</string>
			<key>path</key>
			<string>BaseView.h</string>
			<key>sourceTree</key>
			<string>&lt;group&gt;</string>
		</dict>
		<key>180A443D1A10A4A000E9512A</key>
		<dict>
			<key>fileEncoding</key>
			<string>4</string>
			<key>isa</key>
			<string>PBXFileReference</string>
			<key>lastKnownFileType</key>
			<string>sourcecode.c.objc</string>
			<key>path</key>
			<string>BaseView.m</string>
			<key>sourceTree</key>
			<string>&lt;group&gt;</string>
		</dict>
		<key>180A443E1A10A4A000E9512A</key>
		<dict>
			<key>children</key>
			<array>
				<string>180A443F1A10A4A000E9512A</string>
				<string>180A44401A10A4A000E9512A</string>
			</array>
			<key>isa</key>
			<string>PBXGroup</string>
			<key>path</key>
			<string>PlaceHoderTextView</string>
			<key>sourceTree</key>
			<string>&lt;group&gt;</string>
		</dict>
		<key>180A443F1A10A4A000E9512A</key>
		<dict>
			<key>fileEncoding</key>
			<string>4</string>
			<key>isa</key>
			<string>PBXFileReference</string>
			<key>lastKnownFileType</key>
			<string>sourcecode.c.h</string>
			<key>path</key>
			<string>UIPlaceholderTextView.h</string>
			<key>sourceTree</key>
			<string>&lt;group&gt;</string>
		</dict>
		<key>180A44401A10A4A000E9512A</key>
		<dict>
			<key>fileEncoding</key>
			<string>4</string>
			<key>isa</key>
			<string>PBXFileReference</string>
			<key>lastKnownFileType</key>
			<string>sourcecode.c.objc</string>
			<key>path</key>
			<string>UIPlaceholderTextView.m</string>
			<key>sourceTree</key>
			<string>&lt;group&gt;</string>
		</dict>
		<key>180A44411A10A4A000E9512A</key>
		<dict>
			<key>children</key>
			<array>
				<string>180A44421A10A4A000E9512A</string>
				<string>180A44431A10A4A000E9512A</string>
			</array>
			<key>isa</key>
			<string>PBXGroup</string>
			<key>path</key>
			<string>UIImageViewAligned</string>
			<key>sourceTree</key>
			<string>&lt;group&gt;</string>
		</dict>
		<key>180A44421A10A4A000E9512A</key>
		<dict>
			<key>fileEncoding</key>
			<string>4</string>
			<key>isa</key>
			<string>PBXFileReference</string>
			<key>lastKnownFileType</key>
			<string>sourcecode.c.h</string>
			<key>path</key>
			<string>UIImageViewAligned.h</string>
			<key>sourceTree</key>
			<string>&lt;group&gt;</string>
		</dict>
		<key>180A44431A10A4A000E9512A</key>
		<dict>
			<key>fileEncoding</key>
			<string>4</string>
			<key>isa</key>
			<string>PBXFileReference</string>
			<key>lastKnownFileType</key>
			<string>sourcecode.c.objc</string>
			<key>path</key>
			<string>UIImageViewAligned.m</string>
			<key>sourceTree</key>
			<string>&lt;group&gt;</string>
		</dict>
		<key>180A44441A10A4A000E9512A</key>
		<dict>
			<key>fileRef</key>
			<string>180A442B1A10A49F00E9512A</string>
			<key>isa</key>
			<string>PBXBuildFile</string>
		</dict>
		<key>180A44451A10A4A000E9512A</key>
		<dict>
			<key>fileRef</key>
			<string>180A442E1A10A49F00E9512A</string>
			<key>isa</key>
			<string>PBXBuildFile</string>
		</dict>
		<key>180A44461A10A4A000E9512A</key>
		<dict>
			<key>fileRef</key>
			<string>180A44311A10A49F00E9512A</string>
			<key>isa</key>
			<string>PBXBuildFile</string>
		</dict>
		<key>180A44471A10A4A000E9512A</key>
		<dict>
			<key>fileRef</key>
			<string>180A44341A10A49F00E9512A</string>
			<key>isa</key>
			<string>PBXBuildFile</string>
		</dict>
		<key>180A44481A10A4A000E9512A</key>
		<dict>
			<key>fileRef</key>
			<string>180A44371A10A49F00E9512A</string>
			<key>isa</key>
			<string>PBXBuildFile</string>
		</dict>
		<key>180A44491A10A4A000E9512A</key>
		<dict>
			<key>fileRef</key>
			<string>180A443A1A10A4A000E9512A</string>
			<key>isa</key>
			<string>PBXBuildFile</string>
		</dict>
		<key>180A444A1A10A4A000E9512A</key>
		<dict>
			<key>fileRef</key>
			<string>180A443D1A10A4A000E9512A</string>
			<key>isa</key>
			<string>PBXBuildFile</string>
		</dict>
		<key>180A444B1A10A4A000E9512A</key>
		<dict>
			<key>fileRef</key>
			<string>180A44401A10A4A000E9512A</string>
			<key>isa</key>
			<string>PBXBuildFile</string>
		</dict>
		<key>180A444C1A10A4A000E9512A</key>
		<dict>
			<key>fileRef</key>
			<string>180A44431A10A4A000E9512A</string>
			<key>isa</key>
			<string>PBXBuildFile</string>
		</dict>
		<key>180A44501A10A54300E9512A</key>
		<dict>
			<key>fileEncoding</key>
			<string>4</string>
			<key>isa</key>
			<string>PBXFileReference</string>
			<key>lastKnownFileType</key>
			<string>sourcecode.c.h</string>
			<key>path</key>
			<string>Plan.h</string>
			<key>sourceTree</key>
			<string>&lt;group&gt;</string>
		</dict>
		<key>1D335370B5CA237D55B48E53</key>
		<dict>
			<key>buildActionMask</key>
			<string>2147483647</string>
			<key>files</key>
			<array/>
			<key>inputPaths</key>
			<array/>
			<key>isa</key>
			<string>PBXShellScriptBuildPhase</string>
			<key>name</key>
			<string>Check Pods Manifest.lock</string>
			<key>outputPaths</key>
			<array/>
			<key>runOnlyForDeploymentPostprocessing</key>
			<string>0</string>
			<key>shellPath</key>
			<string>/bin/sh</string>
			<key>shellScript</key>
			<string>diff "${PODS_ROOT}/../Podfile.lock" "${PODS_ROOT}/Manifest.lock" &gt; /dev/null
if [[ $? != 0 ]] ; then
    cat &lt;&lt; EOM
error: The sandbox is not in sync with the Podfile.lock. Run 'pod install' or update your CocoaPods installation.
EOM
    exit 1
fi
</string>
			<key>showEnvVarsInLog</key>
			<string>0</string>
		</dict>
		<key>239DF371502BFD2F043F397D</key>
		<dict>
			<key>children</key>
			<array>
				<string>5BE263B2AC95D55449FF6DDA</string>
				<string>17200C6EFFFB0BB1736EF37B</string>
			</array>
			<key>isa</key>
			<string>PBXGroup</string>
			<key>name</key>
			<string>Pods</string>
			<key>sourceTree</key>
			<string>&lt;group&gt;</string>
		</dict>
		<key>27C48BFC001D5D1B52D98D78</key>
		<dict>
			<key>fileRef</key>
			<string>92CF82FFAB7C97BDFA46F981</string>
			<key>isa</key>
			<string>PBXBuildFile</string>
		</dict>
		<key>2CBC048BCC69673108543C10</key>
		<dict>
			<key>buildActionMask</key>
			<string>2147483647</string>
			<key>files</key>
			<array/>
			<key>inputPaths</key>
			<array/>
			<key>isa</key>
			<string>PBXShellScriptBuildPhase</string>
			<key>name</key>
			<string>Copy Pods Resources</string>
			<key>outputPaths</key>
			<array/>
			<key>runOnlyForDeploymentPostprocessing</key>
			<string>0</string>
			<key>shellPath</key>
			<string>/bin/sh</string>
			<key>shellScript</key>
			<string>"${SRCROOT}/Pods/Target Support Files/Pods/Pods-resources.sh"
</string>
			<key>showEnvVarsInLog</key>
			<string>0</string>
		</dict>
		<key>4C97E588BA518D604027B346</key>
		<dict>
			<key>children</key>
			<array>
				<string>92CF82FFAB7C97BDFA46F981</string>
			</array>
			<key>isa</key>
			<string>PBXGroup</string>
			<key>name</key>
			<string>Frameworks</string>
			<key>sourceTree</key>
			<string>&lt;group&gt;</string>
		</dict>
		<key>5BE263B2AC95D55449FF6DDA</key>
		<dict>
			<key>includeInIndex</key>
			<string>1</string>
			<key>isa</key>
			<string>PBXFileReference</string>
			<key>lastKnownFileType</key>
			<string>text.xcconfig</string>
			<key>name</key>
			<string>Pods.debug.xcconfig</string>
			<key>path</key>
			<string>Pods/Target Support Files/Pods/Pods.debug.xcconfig</string>
			<key>sourceTree</key>
			<string>&lt;group&gt;</string>
		</dict>
		<key>92CF82FFAB7C97BDFA46F981</key>
		<dict>
			<key>explicitFileType</key>
			<string>archive.ar</string>
			<key>includeInIndex</key>
			<string>0</string>
			<key>isa</key>
			<string>PBXFileReference</string>
			<key>path</key>
			<string>libPods.a</string>
			<key>sourceTree</key>
			<string>BUILT_PRODUCTS_DIR</string>
		</dict>
	</dict>
	<key>rootObject</key>
	<string>180A42FA1A10A2E800E9512A</string>
</dict>
</plist>
